# This file is autogenerated, do not edit; changes may be undone by the next 'dep ensure'.


[[projects]]
  digest = "1:f2bae8494f09549bd57ee437cd9ed9d8529f6cee5995e5fd66b61315c4233ce3"
  name = "github.com/caarlos0/env"
  packages = ["."]
  pruneopts = ""
  revision = "1cddc31c48c56ecd700d873edb9fd5b6f5df922a"
  version = "v3.3.0"

[[projects]]
  branch = "master"
  digest = "1:ff0a3cc34addcbd669622ba0dc8231d4eff046eec7b3eae1ccafd06a901279d3"
  name = "github.com/globalsign/mgo"
  packages = [
    ".",
    "bson",
    "internal/json",
    "internal/sasl",
    "internal/scram",
  ]
  pruneopts = ""
  revision = "1ca0a4f7cbcbe61c005d1bd43fdd8bb8b71df6bc"

[[projects]]
  digest = "1:45edc199c5fd8cb64c1ae8dd260b79223f3e636883eb0a3a561dba99f9371514"
  name = "github.com/go-redis/redis"
  packages = [
    ".",
    "internal",
    "internal/consistenthash",
    "internal/hashtag",
    "internal/pool",
    "internal/proto",
    "internal/singleflight",
    "internal/util",
  ]
  pruneopts = ""
  revision = "1614e579ed966441b8e0c3ccea1dd0fbbd93a6ae"
  version = "v6.14.0"

[[projects]]
  digest = "1:442baaf193e432b3432e26465fb36aed31484866ddb0ee11f68caceb130e317e"
  name = "github.com/joho/godotenv"
  packages = ["."]
  pruneopts = ""
  revision = "a79fa1e548e2c689c241d10173efd51e5d689d5b"
  version = "v1.2.0"

[solve-meta]
  analyzer-name = "dep"
  analyzer-version = 1
  input-imports = [
    "github.com/caarlos0/env",
    "github.com/globalsign/mgo",
    "github.com/globalsign/mgo/bson",
    "github.com/go-redis/redis",
    "github.com/joho/godotenv",
  ]
  solver-name = "gps-cdcl"
  solver-version = 1
